{
  "name": "pastebin-js",
  "version": "0.1.5",
  "dependencies": {
    "q": {
      "version": "0.9.7",
      "from": "q@~0.9.7"
    },
    "request": {
      "version": "2.27.0",
      "from": "request@*",
      "dependencies": {
        "qs": {
          "version": "0.6.5",
          "from": "qs@~0.6.0"
        },
        "json-stringify-safe": {
          "version": "5.0.0",
          "from": "json-stringify-safe@~5.0.0"
        },
        "forever-agent": {
          "version": "0.5.0",
          "from": "forever-agent@~0.5.0"
        },
        "tunnel-agent": {
          "version": "0.3.0",
          "from": "tunnel-agent@~0.3.0"
        },
        "http-signature": {
          "version": "0.10.0",
          "from": "http-signature@~0.10.0",
          "dependencies": {
            "assert-plus": {
              "version": "0.1.2",
              "from": "assert-plus@0.1.2"
            },
            "asn1": {
              "version": "0.1.11",
              "from": "asn1@0.1.11"
            },
            "ctype": {
              "version": "0.5.2",
              "from": "ctype@0.5.2"
            }
          }
        },
        "hawk": {
          "version": "1.0.0",
          "from": "hawk@~1.0.0",
          "dependencies": {
            "hoek": {
              "version": "0.9.1",
              "from": "hoek@0.9.x"
            },
            "boom": {
              "version": "0.4.2",
              "from": "boom@0.4.x"
            },
            "cryptiles": {
              "version": "0.2.2",
              "from": "cryptiles@0.2.x"
            },
            "sntp": {
              "version": "0.2.4",
              "from": "sntp@0.2.x"
            }
          }
        },
        "aws-sign": {
          "version": "0.3.0",
          "from": "aws-sign@~0.3.0"
        },
        "oauth-sign": {
          "version": "0.3.0",
          "from": "oauth-sign@~0.3.0"
        },
        "cookie-jar": {
          "version": "0.3.0",
          "from": "cookie-jar@~0.3.0"
        },
        "node-uuid": {
          "version": "1.4.1",
          "from": "node-uuid@~1.4.0"
        },
        "mime": {
          "version": "1.2.11",
          "from": "mime@~1.2.9"
        },
        "form-data": {
          "version": "0.1.2",
          "from": "form-data@~0.1.0",
          "dependencies": {
            "combined-stream": {
              "version": "0.0.4",
              "from": "combined-stream@~0.0.4",
              "dependencies": {
                "delayed-stream": {
                  "version": "0.0.5",
                  "from": "delayed-stream@0.0.5"
                }
              }
            },
            "async": {
              "version": "0.2.9",
              "from": "async@~0.2.9"
            }
          }
        }
      }
    },
    "underscore": {
      "version": "1.5.2",
      "from": "underscore@*"
    },
    "xml2js": {
      "version": "0.4.0",
      "from": "xml2js@*",
      "dependencies": {
        "sax": {
          "version": "0.5.5",
          "from": "sax@0.5.x"
        },
        "xmlbuilder": {
          "version": "1.0.2",
          "from": "xmlbuilder@>=0.4.2"
        }
      }
    }
  }
}
